
Microsoft Visual Studio Solution File, Format Version 12.00
# Visual Studio 15
VisualStudioVersion = 15.0.28307.1022
MinimumVisualStudioVersion = 10.0.40219.1
Project("{FAE04EC0-301F-11D3-BF4B-00C04F79EFBC}") = "Information_People_App", "Information_People_App\Information_People_App.csproj", "{429C2132-FEEC-4301-B6EE-818486AA4F01}"
EndProject
Global
	GlobalSection(SolutionConfigurationPlatforms) = preSolution
		Debug|Any CPU = Debug|Any CPU
		Release|Any CPU = Release|Any CPU
	EndGlobalSection
	GlobalSection(ProjectConfigurationPlatforms) = postSolution
		{429C2132-FEEC-4301-B6EE-818486AA4F01}.Debug|Any CPU.ActiveCfg = Debug|Any CPU
		{429C2132-FEEC-4301-B6EE-818486AA4F01}.Debug|Any CPU.Build.0 = Debug|Any CPU
		{429C2132-FEEC-4301-B6EE-818486AA4F01}.Release|Any CPU.ActiveCfg = Release|Any CPU
		{429C2132-FEEC-4301-B6EE-818486AA4F01}.Release|Any CPU.Build.0 = Release|Any CPU
	EndGlobalSection
	GlobalSection(SolutionProperties) = preSolution
		HideSolutionNode = FALSE
	EndGlobalSection
	GlobalSection(ExtensibilityGlobals) = postSolution
		SolutionGuid = {4EC27279-0EDB-4874-AADA-BEB68284DAA0}
	EndGlobalSection
EndGlobal
